{
  "name": "ttech---pre-entrega-1-de-proyecto-final",
  "version": "1.0.0",
  "lockfileVersion": 3,
  "requires": true,
  "packages": {
    "": {
      "name": "ttech---pre-entrega-1-de-proyecto-final",
      "version": "1.0.0",
      "license": "ISC",
      "dependencies": {
        "ttech---pre-entrega-1-de-proyecto-final": "file:"
      }
    },
    "node_modules/ttech---pre-entrega-1-de-proyecto-final": {
      "resolved": "",
      "link": true
    }
  }
}
